
Microsoft Visual Studio Solution File, Format Version 11.00
# Visual Studio 2010
# SharpDevelop 5.1
Project("{FAE04EC0-301F-11D3-BF4B-00C04F79EFBC}") = "HomeInvestor", "HomeInvestor\HomeInvestor.csproj", "{BE011992-5634-44A5-8FD2-974BB34BBBB8}"
EndProject
Project("{FAE04EC0-301F-11D3-BF4B-00C04F79EFBC}") = "UnitTests", "UnitTests\UnitTests.csproj", "{48774272-866F-446B-A37A-C337F01BCB4D}"
EndProject
Global
	GlobalSection(SolutionConfigurationPlatforms) = preSolution
		Debug|Any CPU = Debug|Any CPU
		Release|Any CPU = Release|Any CPU
	EndGlobalSection
	GlobalSection(ProjectConfigurationPlatforms) = postSolution
		{BE011992-5634-44A5-8FD2-974BB34BBBB8}.Debug|Any CPU.ActiveCfg = Debug|Any CPU
		{BE011992-5634-44A5-8FD2-974BB34BBBB8}.Debug|Any CPU.Build.0 = Debug|Any CPU
		{BE011992-5634-44A5-8FD2-974BB34BBBB8}.Release|Any CPU.ActiveCfg = Release|Any CPU
		{BE011992-5634-44A5-8FD2-974BB34BBBB8}.Release|Any CPU.Build.0 = Release|Any CPU
		{48774272-866F-446B-A37A-C337F01BCB4D}.Debug|Any CPU.ActiveCfg = Debug|Any CPU
		{48774272-866F-446B-A37A-C337F01BCB4D}.Debug|Any CPU.Build.0 = Debug|Any CPU
		{48774272-866F-446B-A37A-C337F01BCB4D}.Release|Any CPU.ActiveCfg = Release|Any CPU
		{48774272-866F-446B-A37A-C337F01BCB4D}.Release|Any CPU.Build.0 = Release|Any CPU
	EndGlobalSection
EndGlobal
